
Microsoft Visual Studio Solution File, Format Version 11.00
# Visual Studio 2010
Project("{8BC9CEB8-8B4A-11D0-8D11-00A0C91BC942}") = "1070", "1070\1070.vcxproj", "{E26F0AEA-06EE-4DC4-8904-50CC99051CF8}"
EndProject
Project("{8BC9CEB8-8B4A-11D0-8D11-00A0C91BC942}") = "1088", "1088\1088.vcxproj", "{2A62076A-229D-40AB-A9A1-94E3336BEFEE}"
EndProject
Project("{8BC9CEB8-8B4A-11D0-8D11-00A0C91BC942}") = "1062", "1062\1062.vcxproj", "{020B39F0-BF5B-4D8C-8AB8-6121F112111A}"
EndProject
Project("{8BC9CEB8-8B4A-11D0-8D11-00A0C91BC942}") = "1047", "1047\1047.vcxproj", "{97566158-B364-4510-A6BF-00AB46329E96}"
EndProject
Global
	GlobalSection(SubversionScc) = preSolution
		Svn-Managed = True
		Manager = AnkhSVN - Subversion Support for Visual Studio
	EndGlobalSection
	GlobalSection(SolutionConfigurationPlatforms) = preSolution
		Debug|Win32 = Debug|Win32
		Release|Win32 = Release|Win32
	EndGlobalSection
	GlobalSection(ProjectConfigurationPlatforms) = postSolution
		{E26F0AEA-06EE-4DC4-8904-50CC99051CF8}.Debug|Win32.ActiveCfg = Debug|Win32
		{E26F0AEA-06EE-4DC4-8904-50CC99051CF8}.Debug|Win32.Build.0 = Debug|Win32
		{E26F0AEA-06EE-4DC4-8904-50CC99051CF8}.Release|Win32.ActiveCfg = Release|Win32
		{E26F0AEA-06EE-4DC4-8904-50CC99051CF8}.Release|Win32.Build.0 = Release|Win32
		{2A62076A-229D-40AB-A9A1-94E3336BEFEE}.Debug|Win32.ActiveCfg = Debug|Win32
		{2A62076A-229D-40AB-A9A1-94E3336BEFEE}.Debug|Win32.Build.0 = Debug|Win32
		{2A62076A-229D-40AB-A9A1-94E3336BEFEE}.Release|Win32.ActiveCfg = Release|Win32
		{2A62076A-229D-40AB-A9A1-94E3336BEFEE}.Release|Win32.Build.0 = Release|Win32
		{020B39F0-BF5B-4D8C-8AB8-6121F112111A}.Debug|Win32.ActiveCfg = Debug|Win32
		{020B39F0-BF5B-4D8C-8AB8-6121F112111A}.Debug|Win32.Build.0 = Debug|Win32
		{020B39F0-BF5B-4D8C-8AB8-6121F112111A}.Release|Win32.ActiveCfg = Release|Win32
		{020B39F0-BF5B-4D8C-8AB8-6121F112111A}.Release|Win32.Build.0 = Release|Win32
		{97566158-B364-4510-A6BF-00AB46329E96}.Debug|Win32.ActiveCfg = Debug|Win32
		{97566158-B364-4510-A6BF-00AB46329E96}.Debug|Win32.Build.0 = Debug|Win32
		{97566158-B364-4510-A6BF-00AB46329E96}.Release|Win32.ActiveCfg = Release|Win32
		{97566158-B364-4510-A6BF-00AB46329E96}.Release|Win32.Build.0 = Release|Win32
	EndGlobalSection
	GlobalSection(SolutionProperties) = preSolution
		HideSolutionNode = FALSE
	EndGlobalSection
EndGlobal
